
Microsoft Visual Studio Solution File, Format Version 12.00
# Visual Studio Version 16
VisualStudioVersion = 16.0.29613.14
MinimumVisualStudioVersion = 10.0.40219.1
Project("{FAE04EC0-301F-11D3-BF4B-00C04F79EFBC}") = "LinkedList", "LinkedListOneLink\LinkedList.csproj", "{5DD33F70-1988-4FF6-BE99-695502B851FD}"
EndProject
Project("{FAE04EC0-301F-11D3-BF4B-00C04F79EFBC}") = "LinkedListTests", "LinkedListTests\LinkedListTests.csproj", "{7A2A7C84-C055-4A5B-B1D2-422E46814C78}"
EndProject
Global
	GlobalSection(SolutionConfigurationPlatforms) = preSolution
		Debug|Any CPU = Debug|Any CPU
		Release|Any CPU = Release|Any CPU
	EndGlobalSection
	GlobalSection(ProjectConfigurationPlatforms) = postSolution
		{5DD33F70-1988-4FF6-BE99-695502B851FD}.Debug|Any CPU.ActiveCfg = Debug|Any CPU
		{5DD33F70-1988-4FF6-BE99-695502B851FD}.Debug|Any CPU.Build.0 = Debug|Any CPU
		{5DD33F70-1988-4FF6-BE99-695502B851FD}.Release|Any CPU.ActiveCfg = Release|Any CPU
		{5DD33F70-1988-4FF6-BE99-695502B851FD}.Release|Any CPU.Build.0 = Release|Any CPU
		{7A2A7C84-C055-4A5B-B1D2-422E46814C78}.Debug|Any CPU.ActiveCfg = Debug|Any CPU
		{7A2A7C84-C055-4A5B-B1D2-422E46814C78}.Debug|Any CPU.Build.0 = Debug|Any CPU
		{7A2A7C84-C055-4A5B-B1D2-422E46814C78}.Release|Any CPU.ActiveCfg = Release|Any CPU
		{7A2A7C84-C055-4A5B-B1D2-422E46814C78}.Release|Any CPU.Build.0 = Release|Any CPU
	EndGlobalSection
	GlobalSection(SolutionProperties) = preSolution
		HideSolutionNode = FALSE
	EndGlobalSection
	GlobalSection(ExtensibilityGlobals) = postSolution
		SolutionGuid = {3409AD21-B2F9-47A5-9479-B17CA894E242}
	EndGlobalSection
EndGlobal
